
Microsoft Visual Studio Solution File, Format Version 12.00
# Visual Studio 15
VisualStudioVersion = 15.0.28307.168
MinimumVisualStudioVersion = 10.0.40219.1
Project("{9A19103F-16F7-4668-BE54-9A1E7A4F7556}") = "Our.Umbraco.FriendlyRobots", "Our.Umbraco.FriendlyRobots\Our.Umbraco.FriendlyRobots.csproj", "{B570CC32-5EF5-41AD-9A22-1D292BAF31BD}"
EndProject
Global
	GlobalSection(SolutionConfigurationPlatforms) = preSolution
		Debug|Any CPU = Debug|Any CPU
		Release|Any CPU = Release|Any CPU
	EndGlobalSection
	GlobalSection(ProjectConfigurationPlatforms) = postSolution
		{B570CC32-5EF5-41AD-9A22-1D292BAF31BD}.Debug|Any CPU.ActiveCfg = Debug|Any CPU
		{B570CC32-5EF5-41AD-9A22-1D292BAF31BD}.Debug|Any CPU.Build.0 = Debug|Any CPU
		{B570CC32-5EF5-41AD-9A22-1D292BAF31BD}.Release|Any CPU.ActiveCfg = Release|Any CPU
		{B570CC32-5EF5-41AD-9A22-1D292BAF31BD}.Release|Any CPU.Build.0 = Release|Any CPU
	EndGlobalSection
	GlobalSection(SolutionProperties) = preSolution
		HideSolutionNode = FALSE
	EndGlobalSection
	GlobalSection(ExtensibilityGlobals) = postSolution
		SolutionGuid = {D3BC5C25-372A-424E-9C38-FC678C9B27BB}
	EndGlobalSection
EndGlobal
